
Microsoft Visual Studio Solution File, Format Version 12.00
# Visual Studio Version 17
VisualStudioVersion = 17.3.32819.101
MinimumVisualStudioVersion = 10.0.40219.1
Project("{FAE04EC0-301F-11D3-BF4B-00C04F79EFBC}") = "PortfolioProject", "PortfolioProject\PortfolioProject.csproj", "{EFBFA4DE-40D6-46C6-8EC1-1BF3A36EAFB5}"
EndProject
Global
	GlobalSection(SolutionConfigurationPlatforms) = preSolution
		Debug|Any CPU = Debug|Any CPU
		Release|Any CPU = Release|Any CPU
	EndGlobalSection
	GlobalSection(ProjectConfigurationPlatforms) = postSolution
		{EFBFA4DE-40D6-46C6-8EC1-1BF3A36EAFB5}.Debug|Any CPU.ActiveCfg = Debug|Any CPU
		{EFBFA4DE-40D6-46C6-8EC1-1BF3A36EAFB5}.Debug|Any CPU.Build.0 = Debug|Any CPU
		{EFBFA4DE-40D6-46C6-8EC1-1BF3A36EAFB5}.Release|Any CPU.ActiveCfg = Release|Any CPU
		{EFBFA4DE-40D6-46C6-8EC1-1BF3A36EAFB5}.Release|Any CPU.Build.0 = Release|Any CPU
	EndGlobalSection
	GlobalSection(SolutionProperties) = preSolution
		HideSolutionNode = FALSE
	EndGlobalSection
	GlobalSection(ExtensibilityGlobals) = postSolution
		SolutionGuid = {BAF14D75-B682-4A19-A6C9-A142BCA6EA36}
	EndGlobalSection
EndGlobal
